<?xml version="1.0" encoding="utf-8"?>
<Project ToolsVersion="4.0" xmlns="http://schemas.microsoft.com/developer/msbuild/2003">
  <ItemGroup>
    <Filter Include="Source Files">
      <UniqueIdentifier>{4FC737F1-C7A5-4376-A066-2A32D752A2FF}</UniqueIdentifier>
      <Extensions>cpp;c;cc;cxx;c++;cppm;ixx;def;odl;idl;hpj;bat;asm;asmx</Extensions>
    </Filter>
    <Filter Include="Resource Files">
      <UniqueIdentifier>{67DA6AB6-F800-4c08-8B7A-83BB121AAD01}</UniqueIdentifier>
      <Extensions>rc;ico;cur;bmp;dlg;rc2;rct;bin;rgs;gif;jpg;jpeg;jpe;resx;tiff;tif;png;wav;mfcribbon-ms</Extensions>
    </Filter>
    <Filter Include="Shaders">
      <UniqueIdentifier>{cd01afb2-d75d-4d4c-96d7-b241a2afa6a5}</UniqueIdentifier>
    </Filter>
  </ItemGroup>
  <ItemGroup>
    <ClCompile Include="src\Main.cpp">
      <Filter>Source Files</Filter>
    </ClCompile>
    <ClCompile Include="src\D3D12Renderer.ixx">
      <Filter>Source Files</Filter>
    </ClCompile>
    <ClCompile Include="src\D3D12Renderer.cpp">
      <Filter>Source Files</Filter>
    </ClCompile>
    <ClCompile Include="src\ErrorHandling.ixx">
      <Filter>Source Files</Filter>
    </ClCompile>
    <ClCompile Include="src\ErrorHandling.cpp">
      <Filter>Source Files</Filter>
    </ClCompile>
    <ClCompile Include="src\GlobalSettings.ixx">
      <Filter>Source Files</Filter>
    </ClCompile>
    <ClCompile Include="src\D3DHelpers.ixx">
      <Filter>Source Files</Filter>
    </ClCompile>
    <ClCompile Include="src\D3DHelpers.cpp">
      <Filter>Source Files</Filter>
    </ClCompile>
    <ClCompile Include="src\Logging.ixx">
      <Filter>Source Files</Filter>
    </ClCompile>
    <ClCompile Include="src\Logging.cpp">
      <Filter>Source Files</Filter>
    </ClCompile>
    <ClCompile Include="src\TimeManager.ixx">
      <Filter>Source Files</Filter>
    </ClCompile>
    <ClCompile Include="src\Input.ixx">
      <Filter>Source Files</Filter>
    </ClCompile>
    <ClCompile Include="src\TimeManager.cpp">
      <Filter>Source Files</Filter>
    </ClCompile>
    <ClCompile Include="src\Input.cpp">
      <Filter>Source Files</Filter>
    </ClCompile>
    <ClCompile Include="src\Application.ixx">
      <Filter>Source Files</Filter>
    </ClCompile>
    <ClCompile Include="src\Application.cpp">
      <Filter>Source Files</Filter>
    </ClCompile>
    <ClCompile Include="src\Vertex.ixx">
      <Filter>Source Files</Filter>
    </ClCompile>
    <ClCompile Include="src\PipelineStateStream.ixx">
      <Filter>Source Files</Filter>
    </ClCompile>
    <ClCompile Include="src\Math.ixx">
      <Filter>Source Files</Filter>
    </ClCompile>
    <ClCompile Include="src\Math.cpp">
      <Filter>Source Files</Filter>
    </ClCompile>
    <ClCompile Include="src\Camera.ixx">
      <Filter>Source Files</Filter>
    </ClCompile>
    <ClCompile Include="src\Camera.cpp">
      <Filter>Source Files</Filter>
    </ClCompile>
  </ItemGroup>
  <ItemGroup>
    <FxCompile Include="shaders\colored_surface.hlsl">
      <Filter>Shaders</Filter>
    </FxCompile>
  </ItemGroup>
  <ItemGroup>
    <None Include="packages.config" />
    <None Include="shaders\compile_shaders.ps1">
      <Filter>Shaders</Filter>
    </None>
  </ItemGroup>
</Project>